
Microsoft Visual Studio Solution File, Format Version 12.00
# Visual Studio 15
VisualStudioVersion = 15.0.28307.1259
MinimumVisualStudioVersion = 10.0.40219.1
Project("{FAE04EC0-301F-11D3-BF4B-00C04F79EFBC}") = "Project1-Polygon_Editor", "Project1-Polygon_Editor\Project1-Polygon_Editor.csproj", "{B41FD1A7-F53F-4215-896B-ED1F0EAE11F5}"
EndProject
Global
	GlobalSection(SolutionConfigurationPlatforms) = preSolution
		Debug|Any CPU = Debug|Any CPU
		Release|Any CPU = Release|Any CPU
	EndGlobalSection
	GlobalSection(ProjectConfigurationPlatforms) = postSolution
		{B41FD1A7-F53F-4215-896B-ED1F0EAE11F5}.Debug|Any CPU.ActiveCfg = Debug|Any CPU
		{B41FD1A7-F53F-4215-896B-ED1F0EAE11F5}.Debug|Any CPU.Build.0 = Debug|Any CPU
		{B41FD1A7-F53F-4215-896B-ED1F0EAE11F5}.Release|Any CPU.ActiveCfg = Release|Any CPU
		{B41FD1A7-F53F-4215-896B-ED1F0EAE11F5}.Release|Any CPU.Build.0 = Release|Any CPU
	EndGlobalSection
	GlobalSection(SolutionProperties) = preSolution
		HideSolutionNode = FALSE
	EndGlobalSection
	GlobalSection(ExtensibilityGlobals) = postSolution
		SolutionGuid = {A7714D9E-2662-48AD-A0DF-6BE9C8D7F3E1}
	EndGlobalSection
EndGlobal
